
Microsoft Visual Studio Solution File, Format Version 12.00
# Visual Studio Version 16
VisualStudioVersion = 16.0.32228.343
MinimumVisualStudioVersion = 10.0.40219.1
Project("{9A19103F-16F7-4668-BE54-9A1E7A4F7556}") = "AsyncInn", "AsyncInn\AsyncInn.csproj", "{B9356510-CED8-4723-BE7D-C3DE7030CBDF}"
EndProject
Project("{FAE04EC0-301F-11D3-BF4B-00C04F79EFBC}") = "TestProject1", "TestProject1\TestProject1.csproj", "{E9D56535-9726-414C-93C9-F4FF534F232A}"
EndProject
Global
	GlobalSection(SolutionConfigurationPlatforms) = preSolution
		Debug|Any CPU = Debug|Any CPU
		Release|Any CPU = Release|Any CPU
	EndGlobalSection
	GlobalSection(ProjectConfigurationPlatforms) = postSolution
		{B9356510-CED8-4723-BE7D-C3DE7030CBDF}.Debug|Any CPU.ActiveCfg = Debug|Any CPU
		{B9356510-CED8-4723-BE7D-C3DE7030CBDF}.Debug|Any CPU.Build.0 = Debug|Any CPU
		{B9356510-CED8-4723-BE7D-C3DE7030CBDF}.Release|Any CPU.ActiveCfg = Release|Any CPU
		{B9356510-CED8-4723-BE7D-C3DE7030CBDF}.Release|Any CPU.Build.0 = Release|Any CPU
		{E9D56535-9726-414C-93C9-F4FF534F232A}.Debug|Any CPU.ActiveCfg = Debug|Any CPU
		{E9D56535-9726-414C-93C9-F4FF534F232A}.Debug|Any CPU.Build.0 = Debug|Any CPU
		{E9D56535-9726-414C-93C9-F4FF534F232A}.Release|Any CPU.ActiveCfg = Release|Any CPU
		{E9D56535-9726-414C-93C9-F4FF534F232A}.Release|Any CPU.Build.0 = Release|Any CPU
	EndGlobalSection
	GlobalSection(SolutionProperties) = preSolution
		HideSolutionNode = FALSE
	EndGlobalSection
	GlobalSection(ExtensibilityGlobals) = postSolution
		SolutionGuid = {2C783A74-77F4-4939-B729-38D1A764F6EE}
	EndGlobalSection
EndGlobal
